
Microsoft Visual Studio Solution File, Format Version 12.00
# Visual Studio Version 17
VisualStudioVersion = 17.3.32922.545
MinimumVisualStudioVersion = 10.0.40219.1
Project("{FAE04EC0-301F-11D3-BF4B-00C04F79EFBC}") = "GestorDeEstoqueCMD", "GestorDeEstoqueCMD\GestorDeEstoqueCMD.csproj", "{1DE9C32D-5963-4898-B624-7ABF356F5A57}"
EndProject
Global
	GlobalSection(SolutionConfigurationPlatforms) = preSolution
		Debug|Any CPU = Debug|Any CPU
		Release|Any CPU = Release|Any CPU
	EndGlobalSection
	GlobalSection(ProjectConfigurationPlatforms) = postSolution
		{1DE9C32D-5963-4898-B624-7ABF356F5A57}.Debug|Any CPU.ActiveCfg = Debug|Any CPU
		{1DE9C32D-5963-4898-B624-7ABF356F5A57}.Debug|Any CPU.Build.0 = Debug|Any CPU
		{1DE9C32D-5963-4898-B624-7ABF356F5A57}.Release|Any CPU.ActiveCfg = Release|Any CPU
		{1DE9C32D-5963-4898-B624-7ABF356F5A57}.Release|Any CPU.Build.0 = Release|Any CPU
	EndGlobalSection
	GlobalSection(SolutionProperties) = preSolution
		HideSolutionNode = FALSE
	EndGlobalSection
	GlobalSection(ExtensibilityGlobals) = postSolution
		SolutionGuid = {B29ACF4D-A357-45C7-907D-F1DD70A0A03E}
	EndGlobalSection
EndGlobal
